
Microsoft Visual Studio Solution File, Format Version 12.00
# Visual Studio Version 17
VisualStudioVersion = 17.7.34221.43
MinimumVisualStudioVersion = 10.0.40219.1
Project("{FAE04EC0-301F-11D3-BF4B-00C04F79EFBC}") = "CS2", "CS2\CS2.csproj", "{B29B17F9-03F2-4F8D-832D-474E4E4BE370}"
EndProject
Global
	GlobalSection(SolutionConfigurationPlatforms) = preSolution
		Debug|Any CPU = Debug|Any CPU
		Release|Any CPU = Release|Any CPU
	EndGlobalSection
	GlobalSection(ProjectConfigurationPlatforms) = postSolution
		{B29B17F9-03F2-4F8D-832D-474E4E4BE370}.Debug|Any CPU.ActiveCfg = Debug|Any CPU
		{B29B17F9-03F2-4F8D-832D-474E4E4BE370}.Debug|Any CPU.Build.0 = Debug|Any CPU
		{B29B17F9-03F2-4F8D-832D-474E4E4BE370}.Release|Any CPU.ActiveCfg = Release|Any CPU
		{B29B17F9-03F2-4F8D-832D-474E4E4BE370}.Release|Any CPU.Build.0 = Release|Any CPU
	EndGlobalSection
	GlobalSection(SolutionProperties) = preSolution
		HideSolutionNode = FALSE
	EndGlobalSection
	GlobalSection(ExtensibilityGlobals) = postSolution
		SolutionGuid = {35DCDDAB-8362-4FBE-9358-3D671A4D504C}
	EndGlobalSection
EndGlobal
